<?xml version="1.0" encoding="utf-8"?>
<Project ToolsVersion="4.0" xmlns="http://schemas.microsoft.com/developer/msbuild/2003">
  <ItemGroup>
    <Filter Include="리소스 파일">
      <UniqueIdentifier>{67DA6AB6-F800-4c08-8B7A-83BB121AAD01}</UniqueIdentifier>
      <Extensions>rc;ico;cur;bmp;dlg;rc2;rct;bin;rgs;gif;jpg;jpeg;jpe;resx;tiff;tif;png;wav;mfcribbon-ms</Extensions>
    </Filter>
    <Filter Include="Scripts">
      <UniqueIdentifier>{004dc63f-8a69-44eb-a7c9-a3f3e6a5fae7}</UniqueIdentifier>
    </Filter>
    <Filter Include="Manager">
      <UniqueIdentifier>{eb00af6d-00da-4922-a664-f86eb7c39997}</UniqueIdentifier>
    </Filter>
  </ItemGroup>
  <ItemGroup>
    <ClInclude Include="stdafx.h" />
    <ClInclude Include="targetver.h" />
    <ClInclude Include="BulletScript.h">
      <Filter>Scripts</Filter>
    </ClInclude>
    <ClInclude Include="HilightScript.h">
      <Filter>Scripts</Filter>
    </ClInclude>
    <ClInclude Include="PlayerScript.h">
      <Filter>Scripts</Filter>
    </ClInclude>
    <ClInclude Include="ScriptMgr.h">
      <Filter>Manager</Filter>
    </ClInclude>
    <ClInclude Include="MonsterScript.h">
      <Filter>Scripts</Filter>
    </ClInclude>
    <ClInclude Include="SaveLoadMgr.h">
      <Filter>Manager</Filter>
    </ClInclude>
  </ItemGroup>
  <ItemGroup>
    <ClCompile Include="stdafx.cpp" />
    <ClCompile Include="BulletScript.cpp">
      <Filter>Scripts</Filter>
    </ClCompile>
    <ClCompile Include="HilightScript.cpp">
      <Filter>Scripts</Filter>
    </ClCompile>
    <ClCompile Include="PlayerScript.cpp">
      <Filter>Scripts</Filter>
    </ClCompile>
    <ClCompile Include="ScriptMgr.cpp">
      <Filter>Manager</Filter>
    </ClCompile>
    <ClCompile Include="MonsterScript.cpp">
      <Filter>Scripts</Filter>
    </ClCompile>
    <ClCompile Include="SaveLoadMgr.cpp">
      <Filter>Manager</Filter>
    </ClCompile>
  </ItemGroup>
</Project>