<?xml version="1.0" encoding="utf-8"?>
<Project ToolsVersion="4.0" xmlns="http://schemas.microsoft.com/developer/msbuild/2003">
  <ItemGroup>
    <Filter Include="Scripts">
      <UniqueIdentifier>{004dc63f-8a69-44eb-a7c9-a3f3e6a5fae7}</UniqueIdentifier>
    </Filter>
    <Filter Include="Manager">
      <UniqueIdentifier>{eb00af6d-00da-4922-a664-f86eb7c39997}</UniqueIdentifier>
    </Filter>
    <Filter Include="Example Scripts">
      <UniqueIdentifier>{916f77f3-8676-401c-919a-a243a4ec3150}</UniqueIdentifier>
    </Filter>
    <Filter Include="Defalut">
      <UniqueIdentifier>{1a9be6af-0890-48c1-918c-23666061dcd3}</UniqueIdentifier>
    </Filter>
    <Filter Include="Scripts\Player">
      <UniqueIdentifier>{15fd900d-c8d7-4f0d-927d-745bedef7dbc}</UniqueIdentifier>
    </Filter>
    <Filter Include="Scripts\Player\State">
      <UniqueIdentifier>{97d779c0-4ced-4376-b9dc-b019bbcab8ae}</UniqueIdentifier>
    </Filter>
    <Filter Include="Scripts\Player\State\Component">
      <UniqueIdentifier>{ade14e38-5670-46c7-85e6-7106f8200f82}</UniqueIdentifier>
    </Filter>
  </ItemGroup>
  <ItemGroup>
    <ClInclude Include="ScriptMgr.h">
      <Filter>Manager</Filter>
    </ClInclude>
    <ClInclude Include="SaveLoadMgr.h">
      <Filter>Manager</Filter>
    </ClInclude>
    <ClInclude Include="HilightScript.h">
      <Filter>Example Scripts</Filter>
    </ClInclude>
    <ClInclude Include="targetver.h">
      <Filter>Defalut</Filter>
    </ClInclude>
    <ClInclude Include="stdafx.h">
      <Filter>Defalut</Filter>
    </ClInclude>
    <ClInclude Include="resource.h">
      <Filter>Defalut</Filter>
    </ClInclude>
    <ClInclude Include="TestScript.h">
      <Filter>Scripts</Filter>
    </ClInclude>
    <ClInclude Include="SSN001CameraScript.h">
      <Filter>Scripts</Filter>
    </ClInclude>
    <ClInclude Include="SSN002PlayerScript.h">
      <Filter>Scripts</Filter>
    </ClInclude>
    <ClInclude Include="PlayerState.h">
      <Filter>Scripts\Player\State</Filter>
    </ClInclude>
    <ClInclude Include="PlayerIdleState.h">
      <Filter>Scripts\Player\State\Component</Filter>
    </ClInclude>
    <ClInclude Include="PlayerWalkFrontState.h">
      <Filter>Scripts\Player\State\Component</Filter>
    </ClInclude>
    <ClInclude Include="PlayerWalkBackState.h">
      <Filter>Scripts\Player\State\Component</Filter>
    </ClInclude>
    <ClInclude Include="PlayerWalkLeftState.h">
      <Filter>Scripts\Player\State\Component</Filter>
    </ClInclude>
    <ClInclude Include="PlayerWalkRightState.h">
      <Filter>Scripts\Player\State\Component</Filter>
    </ClInclude>
    <ClInclude Include="PlayerRollFrontState.h">
      <Filter>Scripts\Player\State\Component</Filter>
    </ClInclude>
    <ClInclude Include="PlayerHealState.h">
      <Filter>Scripts\Player\State\Component</Filter>
    </ClInclude>
    <ClInclude Include="PlayerHitedState.h">
      <Filter>Scripts\Player\State\Component</Filter>
    </ClInclude>
    <ClInclude Include="PlayerDeadState.h">
      <Filter>Scripts\Player\State\Component</Filter>
    </ClInclude>
    <ClInclude Include="PlayerParryingState.h">
      <Filter>Scripts\Player\State\Component</Filter>
    </ClInclude>
    <ClInclude Include="PlayerRollBackState.h">
      <Filter>Scripts\Player\State\Component</Filter>
    </ClInclude>
    <ClInclude Include="PlayerRollLeftState.h">
      <Filter>Scripts\Player\State\Component</Filter>
    </ClInclude>
    <ClInclude Include="PlayerRollRightState.h">
      <Filter>Scripts\Player\State\Component</Filter>
    </ClInclude>
    <ClInclude Include="PlayerAttack4State.h">
      <Filter>Scripts\Player\State\Component</Filter>
    </ClInclude>
    <ClInclude Include="PlayerAttack2State.h">
      <Filter>Scripts\Player\State\Component</Filter>
    </ClInclude>
    <ClInclude Include="PlayerAttack3State.h">
      <Filter>Scripts\Player\State\Component</Filter>
    </ClInclude>
    <ClInclude Include="PlayerAttack1State.h">
      <Filter>Scripts\Player\State\Component</Filter>
    </ClInclude>
  </ItemGroup>
  <ItemGroup>
    <ClCompile Include="ScriptMgr.cpp">
      <Filter>Manager</Filter>
    </ClCompile>
    <ClCompile Include="SaveLoadMgr.cpp">
      <Filter>Manager</Filter>
    </ClCompile>
    <ClCompile Include="HilightScript.cpp">
      <Filter>Example Scripts</Filter>
    </ClCompile>
    <ClCompile Include="stdafx.cpp">
      <Filter>Defalut</Filter>
    </ClCompile>
    <ClCompile Include="TestScript.cpp">
      <Filter>Scripts</Filter>
    </ClCompile>
    <ClCompile Include="SSN001CameraScript.cpp">
      <Filter>Scripts</Filter>
    </ClCompile>
    <ClCompile Include="SSN002PlayerScript.cpp">
      <Filter>Scripts</Filter>
    </ClCompile>
    <ClCompile Include="PlayerState.cpp">
      <Filter>Scripts\Player\State</Filter>
    </ClCompile>
    <ClCompile Include="PlayerIdleState.cpp">
      <Filter>Scripts\Player\State\Component</Filter>
    </ClCompile>
    <ClCompile Include="PlayerWalkFrontState.cpp">
      <Filter>Scripts\Player\State\Component</Filter>
    </ClCompile>
    <ClCompile Include="PlayerWalkBackState.cpp">
      <Filter>Scripts\Player\State\Component</Filter>
    </ClCompile>
    <ClCompile Include="PlayerWalkLeftState.cpp">
      <Filter>Scripts\Player\State\Component</Filter>
    </ClCompile>
    <ClCompile Include="PlayerWalkRightState.cpp">
      <Filter>Scripts\Player\State\Component</Filter>
    </ClCompile>
    <ClCompile Include="PlayerRollFrontState.cpp">
      <Filter>Scripts\Player\State\Component</Filter>
    </ClCompile>
    <ClCompile Include="PlayerHealState.cpp">
      <Filter>Scripts\Player\State\Component</Filter>
    </ClCompile>
    <ClCompile Include="PlayerHitedState.cpp">
      <Filter>Scripts\Player\State\Component</Filter>
    </ClCompile>
    <ClCompile Include="PlayerDeadState.cpp">
      <Filter>Scripts\Player\State\Component</Filter>
    </ClCompile>
    <ClCompile Include="PlayerParryingState.cpp">
      <Filter>Scripts\Player\State\Component</Filter>
    </ClCompile>
    <ClCompile Include="PlayerRollBackState.cpp">
      <Filter>Scripts\Player\State\Component</Filter>
    </ClCompile>
    <ClCompile Include="PlayerRollLeftState.cpp">
      <Filter>Scripts\Player\State\Component</Filter>
    </ClCompile>
    <ClCompile Include="PlayerRollRightState.cpp">
      <Filter>Scripts\Player\State\Component</Filter>
    </ClCompile>
    <ClCompile Include="PlayerAttack3State.cpp">
      <Filter>Scripts\Player\State\Component</Filter>
    </ClCompile>
    <ClCompile Include="PlayerAttack4State.cpp">
      <Filter>Scripts\Player\State\Component</Filter>
    </ClCompile>
    <ClCompile Include="PlayerAttack2State.cpp">
      <Filter>Scripts\Player\State\Component</Filter>
    </ClCompile>
    <ClCompile Include="PlayerAttack1State.cpp">
      <Filter>Scripts\Player\State\Component</Filter>
    </ClCompile>
  </ItemGroup>
  <ItemGroup>
    <ResourceCompile Include="04. Script.rc">
      <Filter>Defalut</Filter>
    </ResourceCompile>
  </ItemGroup>
</Project>